// !$*UTF8*$!
{
	archiveVersion = 1;
	classes = {
	};
	objectVersion = 50;
	objects = {

/* Begin PBXBuildFile section */
		1682AEBC2518076A000DF12B /* TaskViewController.swift in Sources */ = {isa = PBXBuildFile; fileRef = 1682AEBB2518076A000DF12B /* TaskViewController.swift */; };
		16D8ED91250DC040006D55B1 /* AppDelegate.swift in Sources */ = {isa = PBXBuildFile; fileRef = 16D8ED90250DC040006D55B1 /* AppDelegate.swift */; };
		16D8ED93250DC040006D55B1 /* SceneDelegate.swift in Sources */ = {isa = PBXBuildFile; fileRef = 16D8ED92250DC040006D55B1 /* SceneDelegate.swift */; };
		16D8ED98250DC040006D55B1 /* Main.storyboard in Resources */ = {isa = PBXBuildFile; fileRef = 16D8ED96250DC040006D55B1 /* Main.storyboard */; };
		16D8ED9B250DC040006D55B1 /* ToDoList.xcdatamodeld in Sources */ = {isa = PBXBuildFile; fileRef = 16D8ED99250DC040006D55B1 /* ToDoList.xcdatamodeld */; };
		16D8ED9D250DC042006D55B1 /* Assets.xcassets in Resources */ = {isa = PBXBuildFile; fileRef = 16D8ED9C250DC042006D55B1 /* Assets.xcassets */; };
		16D8EDA0250DC042006D55B1 /* LaunchScreen.storyboard in Resources */ = {isa = PBXBuildFile; fileRef = 16D8ED9E250DC042006D55B1 /* LaunchScreen.storyboard */; };
		16D8EDA8250DC45D006D55B1 /* Task.swift in Sources */ = {isa = PBXBuildFile; fileRef = 16D8EDA7250DC45D006D55B1 /* Task.swift */; };
		16E1F06A2511230900776A84 /* TaskTableViewCell.swift in Sources */ = {isa = PBXBuildFile; fileRef = 16E1F0692511230900776A84 /* TaskTableViewCell.swift */; };
		16E1F06C25128F0800776A84 /* TaskTableViewController.swift in Sources */ = {isa = PBXBuildFile; fileRef = 16E1F06B25128F0800776A84 /* TaskTableViewController.swift */; };
/* End PBXBuildFile section */

/* Begin PBXFileReference section */
		1682AEBB2518076A000DF12B /* TaskViewController.swift */ = {isa = PBXFileReference; lastKnownFileType = sourcecode.swift; path = TaskViewController.swift; sourceTree = "<group>"; };
		16D8ED8D250DC040006D55B1 /* ToDoList.app */ = {isa = PBXFileReference; explicitFileType = wrapper.application; includeInIndex = 0; path = ToDoList.app; sourceTree = BUILT_PRODUCTS_DIR; };
		16D8ED90250DC040006D55B1 /* AppDelegate.swift */ = {isa = PBXFileReference; lastKnownFileType = sourcecode.swift; path = AppDelegate.swift; sourceTree = "<group>"; };
		16D8ED92250DC040006D55B1 /* SceneDelegate.swift */ = {isa = PBXFileReference; lastKnownFileType = sourcecode.swift; path = SceneDelegate.swift; sourceTree = "<group>"; };
		16D8ED97250DC040006D55B1 /* Base */ = {isa = PBXFileReference; lastKnownFileType = file.storyboard; name = Base; path = Base.lproj/Main.storyboard; sourceTree = "<group>"; };
		16D8ED9A250DC040006D55B1 /* ToDoList.xcdatamodel */ = {isa = PBXFileReference; lastKnownFileType = wrapper.xcdatamodel; path = ToDoList.xcdatamodel; sourceTree = "<group>"; };
		16D8ED9C250DC042006D55B1 /* Assets.xcassets */ = {isa = PBXFileReference; lastKnownFileType = folder.assetcatalog; path = Assets.xcassets; sourceTree = "<group>"; };
		16D8ED9F250DC042006D55B1 /* Base */ = {isa = PBXFileReference; lastKnownFileType = file.storyboard; name = Base; path = Base.lproj/LaunchScreen.storyboard; sourceTree = "<group>"; };
		16D8EDA1250DC042006D55B1 /* Info.plist */ = {isa = PBXFileReference; lastKnownFileType = text.plist.xml; path = Info.plist; sourceTree = "<group>"; };
		16D8EDA7250DC45D006D55B1 /* Task.swift */ = {isa = PBXFileReference; lastKnownFileType = sourcecode.swift; path = Task.swift; sourceTree = "<group>"; };
		16E1F0692511230900776A84 /* TaskTableViewCell.swift */ = {isa = PBXFileReference; lastKnownFileType = sourcecode.swift; path = TaskTableViewCell.swift; sourceTree = "<group>"; };
		16E1F06B25128F0800776A84 /* TaskTableViewController.swift */ = {isa = PBXFileReference; lastKnownFileType = sourcecode.swift; path = TaskTableViewController.swift; sourceTree = "<group>"; };
/* End PBXFileReference section */

/* Begin PBXFrameworksBuildPhase section */
		16D8ED8A250DC040006D55B1 /* Frameworks */ = {
			isa = PBXFrameworksBuildPhase;
			buildActionMask = 2147483647;
			files = (
			);
			runOnlyForDeploymentPostprocessing = 0;
		};
/* End PBXFrameworksBuildPhase section */

/* Begin PBXGroup section */
		16D8ED84250DC040006D55B1 = {
			isa = PBXGroup;
			children = (
				16D8ED8F250DC040006D55B1 /* ToDoList */,
				16D8ED8E250DC040006D55B1 /* Products */,
			);
			sourceTree = "<group>";
		};
		16D8ED8E250DC040006D55B1 /* Products */ = {
			isa = PBXGroup;
			children = (
				16D8ED8D250DC040006D55B1 /* ToDoList.app */,
			);
			name = Products;
			sourceTree = "<group>";
		};
		16D8ED8F250DC040006D55B1 /* ToDoList */ = {
			isa = PBXGroup;
			children = (
				16D8ED90250DC040006D55B1 /* AppDelegate.swift */,
				16D8ED92250DC040006D55B1 /* SceneDelegate.swift */,
				16D8EDA7250DC45D006D55B1 /* Task.swift */,
				16D8ED96250DC040006D55B1 /* Main.storyboard */,
				1682AEBB2518076A000DF12B /* TaskViewController.swift */,
				16E1F06B25128F0800776A84 /* TaskTableViewController.swift */,
				16E1F0692511230900776A84 /* TaskTableViewCell.swift */,
				16D8ED9C250DC042006D55B1 /* Assets.xcassets */,
				16D8ED9E250DC042006D55B1 /* LaunchScreen.storyboard */,
				16D8EDA1250DC042006D55B1 /* Info.plist */,
				16D8ED99250DC040006D55B1 /* ToDoList.xcdatamodeld */,
			);
			path = ToDoList;
			sourceTree = "<group>";
		};
/* End PBXGroup section */

/* Begin PBXNativeTarget section */
		16D8ED8C250DC040006D55B1 /* ToDoList */ = {
			isa = PBXNativeTarget;
			buildConfigurationList = 16D8EDA4250DC042006D55B1 /* Build configuration list for PBXNativeTarget "ToDoList" */;
			buildPhases = (
				16D8ED89250DC040006D55B1 /* Sources */,
				16D8ED8A250DC040006D55B1 /* Frameworks */,
				16D8ED8B250DC040006D55B1 /* Resources */,
			);
			buildRules = (
			);
			dependencies = (
			);
			name = ToDoList;
			productName = ToDoList;
			productReference = 16D8ED8D250DC040006D55B1 /* ToDoList.app */;
			productType = "com.apple.product-type.application";
		};
/* End PBXNativeTarget section */

/* Begin PBXProject section */
		16D8ED85250DC040006D55B1 /* Project object */ = {
			isa = PBXProject;
			attributes = {
				LastSwiftUpdateCheck = 1170;
				LastUpgradeCheck = 1170;
				ORGANIZATIONNAME = "Baca Tech";
				TargetAttributes = {
					16D8ED8C250DC040006D55B1 = {
						CreatedOnToolsVersion = 11.7;
					};
				};
			};
			buildConfigurationList = 16D8ED88250DC040006D55B1 /* Build configuration list for PBXProject "ToDoList" */;
			compatibilityVersion = "Xcode 9.3";
			developmentRegion = en;
			hasScannedForEncodings = 0;
			knownRegions = (
				en,
				Base,
			);
			mainGroup = 16D8ED84250DC040006D55B1;
			productRefGroup = 16D8ED8E250DC040006D55B1 /* Products */;
			projectDirPath = "";
			projectRoot = "";
			targets = (
				16D8ED8C250DC040006D55B1 /* ToDoList */,
			);
		};
/* End PBXProject section */

/* Begin PBXResourcesBuildPhase section */
		16D8ED8B250DC040006D55B1 /* Resources */ = {
			isa = PBXResourcesBuildPhase;
			buildActionMask = 2147483647;
			files = (
				16D8EDA0250DC042006D55B1 /* LaunchScreen.storyboard in Resources */,
				16D8ED9D250DC042006D55B1 /* Assets.xcassets in Resources */,
				16D8ED98250DC040006D55B1 /* Main.storyboard in Resources */,
			);
			runOnlyForDeploymentPostprocessing = 0;
		};
/* End PBXResourcesBuildPhase section */

/* Begin PBXSourcesBuildPhase section */
		16D8ED89250DC040006D55B1 /* Sources */ = {
			isa = PBXSourcesBuildPhase;
			buildActionMask = 2147483647;
			files = (
				16D8EDA8250DC45D006D55B1 /* Task.swift in Sources */,
				16E1F06A2511230900776A84 /* TaskTableViewCell.swift in Sources */,
				16D8ED91250DC040006D55B1 /* AppDelegate.swift in Sources */,
				16D8ED93250DC040006D55B1 /* SceneDelegate.swift in Sources */,
				16E1F06C25128F0800776A84 /* TaskTableViewController.swift in Sources */,
				16D8ED9B250DC040006D55B1 /* ToDoList.xcdatamodeld in Sources */,
				1682AEBC2518076A000DF12B /* TaskViewController.swift in Sources */,
			);
			runOnlyForDeploymentPostprocessing = 0;
		};
/* End PBXSourcesBuildPhase section */

/* Begin PBXVariantGroup section */
		16D8ED96250DC040006D55B1 /* Main.storyboard */ = {
			isa = PBXVariantGroup;
			children = (
				16D8ED97250DC040006D55B1 /* Base */,
			);
			name = Main.storyboard;
			sourceTree = "<group>";
		};
		16D8ED9E250DC042006D55B1 /* LaunchScreen.storyboard */ = {
			isa = PBXVariantGroup;
			children = (
				16D8ED9F250DC042006D55B1 /* Base */,
			);
			name = LaunchScreen.storyboard;
			sourceTree = "<group>";
		};
/* End PBXVariantGroup section */

/* Begin XCBuildConfiguration section */
		16D8EDA2250DC042006D55B1 /* Debug */ = {
			isa = XCBuildConfiguration;
			buildSettings = {
				ALWAYS_SEARCH_USER_PATHS = NO;
				CLANG_ANALYZER_NONNULL = YES;
				CLANG_ANALYZER_NUMBER_OBJECT_CONVERSION = YES_AGGRESSIVE;
				CLANG_CXX_LANGUAGE_STANDARD = "gnu++14";
				CLANG_CXX_LIBRARY = "libc++";
				CLANG_ENABLE_MODULES = YES;
				CLANG_ENABLE_OBJC_ARC = YES;
				CLANG_ENABLE_OBJC_WEAK = YES;
				CLANG_WARN_BLOCK_CAPTURE_AUTORELEASING = YES;
				CLANG_WARN_BOOL_CONVERSION = YES;
				CLANG_WARN_COMMA = YES;
				CLANG_WARN_CONSTANT_CONVERSION = YES;
				CLANG_WARN_DEPRECATED_OBJC_IMPLEMENTATIONS = YES;
				CLANG_WARN_DIRECT_OBJC_ISA_USAGE = YES_ERROR;
				CLANG_WARN_DOCUMENTATION_COMMENTS = YES;
				CLANG_WARN_EMPTY_BODY = YES;
				CLANG_WARN_ENUM_CONVERSION = YES;
				CLANG_WARN_INFINITE_RECURSION = YES;
				CLANG_WARN_INT_CONVERSION = YES;
				CLANG_WARN_NON_LITERAL_NULL_CONVERSION = YES;
				CLANG_WARN_OBJC_IMPLICIT_RETAIN_SELF = YES;
				CLANG_WARN_OBJC_LITERAL_CONVERSION = YES;
				CLANG_WARN_OBJC_ROOT_CLASS = YES_ERROR;
				CLANG_WARN_RANGE_LOOP_ANALYSIS = YES;
				CLANG_WARN_STRICT_PROTOTYPES = YES;
				CLANG_WARN_SUSPICIOUS_MOVE = YES;
				CLANG_WARN_UNGUARDED_AVAILABILITY = YES_AGGRESSIVE;
				CLANG_WARN_UNREACHABLE_CODE = YES;
				CLANG_WARN__DUPLICATE_METHOD_MATCH = YES;
				COPY_PHASE_STRIP = NO;
				DEBUG_INFORMATION_FORMAT = dwarf;
				ENABLE_STRICT_OBJC_MSGSEND = YES;
				ENABLE_TESTABILITY = YES;
				GCC_C_LANGUAGE_STANDARD = gnu11;
				GCC_DYNAMIC_NO_PIC = NO;
				GCC_NO_COMMON_BLOCKS = YES;
				GCC_OPTIMIZATION_LEVEL = 0;
				GCC_PREPROCESSOR_DEFINITIONS = (
					"DEBUG=1",
					"$(inherited)",
				);
				GCC_WARN_64_TO_32_BIT_CONVERSION = YES;
				GCC_WARN_ABOUT_RETURN_TYPE = YES_ERROR;
				GCC_WARN_UNDECLARED_SELECTOR = YES;
				GCC_WARN_UNINITIALIZED_AUTOS = YES_AGGRESSIVE;
				GCC_WARN_UNUSED_FUNCTION = YES;
				GCC_WARN_UNUSED_VARIABLE = YES;
				IPHONEOS_DEPLOYMENT_TARGET = 13.7;
				MTL_ENABLE_DEBUG_INFO = INCLUDE_SOURCE;
				MTL_FAST_MATH = YES;
				ONLY_ACTIVE_ARCH = YES;
				SDKROOT = iphoneos;
				SWIFT_ACTIVE_COMPILATION_CONDITIONS = DEBUG;
				SWIFT_OPTIMIZATION_LEVEL = "-Onone";
			};
			name = Debug;
		};
		16D8EDA3250DC042006D55B1 /* Release */ = {
			isa = XCBuildConfiguration;
			buildSettings = {
				ALWAYS_SEARCH_USER_PATHS = NO;
				CLANG_ANALYZER_NONNULL = YES;
				CLANG_ANALYZER_NUMBER_OBJECT_CONVERSION = YES_AGGRESSIVE;
				CLANG_CXX_LANGUAGE_STANDARD = "gnu++14";
				CLANG_CXX_LIBRARY = "libc++";
				CLANG_ENABLE_MODULES = YES;
				CLANG_ENABLE_OBJC_ARC = YES;
				CLANG_ENABLE_OBJC_WEAK = YES;
				CLANG_WARN_BLOCK_CAPTURE_AUTORELEASING = YES;
				CLANG_WARN_BOOL_CONVERSION = YES;
				CLANG_WARN_COMMA = YES;
				CLANG_WARN_CONSTANT_CONVERSION = YES;
				CLANG_WARN_DEPRECATED_OBJC_IMPLEMENTATIONS = YES;
				CLANG_WARN_DIRECT_OBJC_ISA_USAGE = YES_ERROR;
				CLANG_WARN_DOCUMENTATION_COMMENTS = YES;
				CLANG_WARN_EMPTY_BODY = YES;
				CLANG_WARN_ENUM_CONVERSION = YES;
				CLANG_WARN_INFINITE_RECURSION = YES;
				CLANG_WARN_INT_CONVERSION = YES;
				CLANG_WARN_NON_LITERAL_NULL_CONVERSION = YES;
				CLANG_WARN_OBJC_IMPLICIT_RETAIN_SELF = YES;
				CLANG_WARN_OBJC_LITERAL_CONVERSION = YES;
				CLANG_WARN_OBJC_ROOT_CLASS = YES_ERROR;
				CLANG_WARN_RANGE_LOOP_ANALYSIS = YES;
				CLANG_WARN_STRICT_PROTOTYPES = YES;
				CLANG_WARN_SUSPICIOUS_MOVE = YES;
				CLANG_WARN_UNGUARDED_AVAILABILITY = YES_AGGRESSIVE;
				CLANG_WARN_UNREACHABLE_CODE = YES;
				CLANG_WARN__DUPLICATE_METHOD_MATCH = YES;
				COPY_PHASE_STRIP = NO;
				DEBUG_INFORMATION_FORMAT = "dwarf-with-dsym";
				ENABLE_NS_ASSERTIONS = NO;
				ENABLE_STRICT_OBJC_MSGSEND = YES;
				GCC_C_LANGUAGE_STANDARD = gnu11;
				GCC_NO_COMMON_BLOCKS = YES;
				GCC_WARN_64_TO_32_BIT_CONVERSION = YES;
				GCC_WARN_ABOUT_RETURN_TYPE = YES_ERROR;
				GCC_WARN_UNDECLARED_SELECTOR = YES;
				GCC_WARN_UNINITIALIZED_AUTOS = YES_AGGRESSIVE;
				GCC_WARN_UNUSED_FUNCTION = YES;
				GCC_WARN_UNUSED_VARIABLE = YES;
				IPHONEOS_DEPLOYMENT_TARGET = 13.7;
				MTL_ENABLE_DEBUG_INFO = NO;
				MTL_FAST_MATH = YES;
				SDKROOT = iphoneos;
				SWIFT_COMPILATION_MODE = wholemodule;
				SWIFT_OPTIMIZATION_LEVEL = "-O";
				VALIDATE_PRODUCT = YES;
			};
			name = Release;
		};
		16D8EDA5250DC042006D55B1 /* Debug */ = {
			isa = XCBuildConfiguration;
			buildSettings = {
				ASSETCATALOG_COMPILER_APPICON_NAME = AppIcon;
				CODE_SIGN_STYLE = Automatic;
				DEVELOPMENT_TEAM = U92T2YX5Z9;
				INFOPLIST_FILE = ToDoList/Info.plist;
				IPHONEOS_DEPLOYMENT_TARGET = 13.1;
				LD_RUNPATH_SEARCH_PATHS = (
					"$(inherited)",
					"@executable_path/Frameworks",
				);
				PRODUCT_BUNDLE_IDENTIFIER = BT.ToDoList;
				PRODUCT_NAME = "$(TARGET_NAME)";
				SWIFT_VERSION = 5.0;
				TARGETED_DEVICE_FAMILY = "1,2";
			};
			name = Debug;
		};
		16D8EDA6250DC042006D55B1 /* Release */ = {
			isa = XCBuildConfiguration;
			buildSettings = {
				ASSETCATALOG_COMPILER_APPICON_NAME = AppIcon;
				CODE_SIGN_STYLE = Automatic;
				DEVELOPMENT_TEAM = U92T2YX5Z9;
				INFOPLIST_FILE = ToDoList/Info.plist;
				IPHONEOS_DEPLOYMENT_TARGET = 13.1;
				LD_RUNPATH_SEARCH_PATHS = (
					"$(inherited)",
					"@executable_path/Frameworks",
				);
				PRODUCT_BUNDLE_IDENTIFIER = BT.ToDoList;
				PRODUCT_NAME = "$(TARGET_NAME)";
				SWIFT_VERSION = 5.0;
				TARGETED_DEVICE_FAMILY = "1,2";
			};
			name = Release;
		};
/* End XCBuildConfiguration section */

/* Begin XCConfigurationList section */
		16D8ED88250DC040006D55B1 /* Build configuration list for PBXProject "ToDoList" */ = {
			isa = XCConfigurationList;
			buildConfigurations = (
				16D8EDA2250DC042006D55B1 /* Debug */,
				16D8EDA3250DC042006D55B1 /* Release */,
			);
			defaultConfigurationIsVisible = 0;
			defaultConfigurationName = Release;
		};
		16D8EDA4250DC042006D55B1 /* Build configuration list for PBXNativeTarget "ToDoList" */ = {
			isa = XCConfigurationList;
			buildConfigurations = (
				16D8EDA5250DC042006D55B1 /* Debug */,
				16D8EDA6250DC042006D55B1 /* Release */,
			);
			defaultConfigurationIsVisible = 0;
			defaultConfigurationName = Release;
		};
/* End XCConfigurationList section */

/* Begin XCVersionGroup section */
		16D8ED99250DC040006D55B1 /* ToDoList.xcdatamodeld */ = {
			isa = XCVersionGroup;
			children = (
				16D8ED9A250DC040006D55B1 /* ToDoList.xcdatamodel */,
			);
			currentVersion = 16D8ED9A250DC040006D55B1 /* ToDoList.xcdatamodel */;
			path = ToDoList.xcdatamodeld;
			sourceTree = "<group>";
			versionGroupType = wrapper.xcdatamodel;
		};
/* End XCVersionGroup section */
	};
	rootObject = 16D8ED85250DC040006D55B1 /* Project object */;
}
